
Microsoft Visual Studio Solution File, Format Version 12.00
# Visual Studio 2012
Project("{FAE04EC0-301F-11D3-BF4B-00C04F79EFBC}") = "Algae", "Algae\Algae.csproj", "{BF8E23B7-6DC7-4F2B-872D-5BDFFB236CD7}"
EndProject
Project("{FAE04EC0-301F-11D3-BF4B-00C04F79EFBC}") = "Algae.iOS", "iOS\Algae.iOS.csproj", "{60B96597-C73E-4DF3-A728-CB0483035AF2}"
EndProject
Project("{FAE04EC0-301F-11D3-BF4B-00C04F79EFBC}") = "Algae.Droid", "Droid\Algae.Droid.csproj", "{6D6CE0C1-7A6A-428B-A5F7-BF27B3891E91}"
EndProject
Project("{FAE04EC0-301F-11D3-BF4B-00C04F79EFBC}") = "ZMath.Algebraic", "ZMath.Algebraic\ZMath.Algebraic.csproj", "{603A64D1-6383-4A3E-9558-872C00F67AF3}"
EndProject
Project("{FAE04EC0-301F-11D3-BF4B-00C04F79EFBC}") = "ZMath.Algebraic.Tests", "ZMath.Algebraic.Tests\ZMath.Algebraic.Tests.csproj", "{9119A590-86DD-4325-B20F-DCD34AA4636D}"
EndProject
Project("{FAE04EC0-301F-11D3-BF4B-00C04F79EFBC}") = "ZUtils", "ZUtils\ZUtils.csproj", "{AD51D6E0-93A2-4B2A-AD2B-DFA6F4E3E07C}"
EndProject
Global
	GlobalSection(SolutionConfigurationPlatforms) = preSolution
		Debug|Any CPU = Debug|Any CPU
		Release|Any CPU = Release|Any CPU
		Debug|iPhoneSimulator = Debug|iPhoneSimulator
		Release|iPhone = Release|iPhone
		Release|iPhoneSimulator = Release|iPhoneSimulator
		Debug|iPhone = Debug|iPhone
	EndGlobalSection
	GlobalSection(ProjectConfigurationPlatforms) = postSolution
		{BF8E23B7-6DC7-4F2B-872D-5BDFFB236CD7}.Debug|Any CPU.ActiveCfg = Debug|Any CPU
		{BF8E23B7-6DC7-4F2B-872D-5BDFFB236CD7}.Debug|Any CPU.Build.0 = Debug|Any CPU
		{BF8E23B7-6DC7-4F2B-872D-5BDFFB236CD7}.Release|Any CPU.ActiveCfg = Release|Any CPU
		{BF8E23B7-6DC7-4F2B-872D-5BDFFB236CD7}.Release|Any CPU.Build.0 = Release|Any CPU
		{BF8E23B7-6DC7-4F2B-872D-5BDFFB236CD7}.Debug|iPhoneSimulator.ActiveCfg = Debug|Any CPU
		{BF8E23B7-6DC7-4F2B-872D-5BDFFB236CD7}.Debug|iPhoneSimulator.Build.0 = Debug|Any CPU
		{BF8E23B7-6DC7-4F2B-872D-5BDFFB236CD7}.Release|iPhone.ActiveCfg = Release|Any CPU
		{BF8E23B7-6DC7-4F2B-872D-5BDFFB236CD7}.Release|iPhone.Build.0 = Release|Any CPU
		{BF8E23B7-6DC7-4F2B-872D-5BDFFB236CD7}.Release|iPhoneSimulator.ActiveCfg = Release|Any CPU
		{BF8E23B7-6DC7-4F2B-872D-5BDFFB236CD7}.Release|iPhoneSimulator.Build.0 = Release|Any CPU
		{BF8E23B7-6DC7-4F2B-872D-5BDFFB236CD7}.Debug|iPhone.ActiveCfg = Debug|Any CPU
		{BF8E23B7-6DC7-4F2B-872D-5BDFFB236CD7}.Debug|iPhone.Build.0 = Debug|Any CPU
		{60B96597-C73E-4DF3-A728-CB0483035AF2}.Debug|Any CPU.ActiveCfg = Debug|iPhoneSimulator
		{60B96597-C73E-4DF3-A728-CB0483035AF2}.Debug|Any CPU.Build.0 = Debug|iPhoneSimulator
		{60B96597-C73E-4DF3-A728-CB0483035AF2}.Release|Any CPU.ActiveCfg = Release|iPhone
		{60B96597-C73E-4DF3-A728-CB0483035AF2}.Release|Any CPU.Build.0 = Release|iPhone
		{60B96597-C73E-4DF3-A728-CB0483035AF2}.Debug|iPhoneSimulator.ActiveCfg = Debug|iPhoneSimulator
		{60B96597-C73E-4DF3-A728-CB0483035AF2}.Debug|iPhoneSimulator.Build.0 = Debug|iPhoneSimulator
		{60B96597-C73E-4DF3-A728-CB0483035AF2}.Release|iPhone.ActiveCfg = Release|iPhone
		{60B96597-C73E-4DF3-A728-CB0483035AF2}.Release|iPhone.Build.0 = Release|iPhone
		{60B96597-C73E-4DF3-A728-CB0483035AF2}.Release|iPhoneSimulator.ActiveCfg = Release|iPhoneSimulator
		{60B96597-C73E-4DF3-A728-CB0483035AF2}.Release|iPhoneSimulator.Build.0 = Release|iPhoneSimulator
		{60B96597-C73E-4DF3-A728-CB0483035AF2}.Debug|iPhone.ActiveCfg = Debug|iPhone
		{60B96597-C73E-4DF3-A728-CB0483035AF2}.Debug|iPhone.Build.0 = Debug|iPhone
		{6D6CE0C1-7A6A-428B-A5F7-BF27B3891E91}.Debug|Any CPU.ActiveCfg = Debug|Any CPU
		{6D6CE0C1-7A6A-428B-A5F7-BF27B3891E91}.Debug|Any CPU.Build.0 = Debug|Any CPU
		{6D6CE0C1-7A6A-428B-A5F7-BF27B3891E91}.Release|Any CPU.ActiveCfg = Release|Any CPU
		{6D6CE0C1-7A6A-428B-A5F7-BF27B3891E91}.Release|Any CPU.Build.0 = Release|Any CPU
		{6D6CE0C1-7A6A-428B-A5F7-BF27B3891E91}.Debug|iPhoneSimulator.ActiveCfg = Debug|Any CPU
		{6D6CE0C1-7A6A-428B-A5F7-BF27B3891E91}.Debug|iPhoneSimulator.Build.0 = Debug|Any CPU
		{6D6CE0C1-7A6A-428B-A5F7-BF27B3891E91}.Release|iPhone.ActiveCfg = Release|Any CPU
		{6D6CE0C1-7A6A-428B-A5F7-BF27B3891E91}.Release|iPhone.Build.0 = Release|Any CPU
		{6D6CE0C1-7A6A-428B-A5F7-BF27B3891E91}.Release|iPhoneSimulator.ActiveCfg = Release|Any CPU
		{6D6CE0C1-7A6A-428B-A5F7-BF27B3891E91}.Release|iPhoneSimulator.Build.0 = Release|Any CPU
		{6D6CE0C1-7A6A-428B-A5F7-BF27B3891E91}.Debug|iPhone.ActiveCfg = Debug|Any CPU
		{6D6CE0C1-7A6A-428B-A5F7-BF27B3891E91}.Debug|iPhone.Build.0 = Debug|Any CPU
		{603A64D1-6383-4A3E-9558-872C00F67AF3}.Debug|Any CPU.ActiveCfg = Debug|Any CPU
		{603A64D1-6383-4A3E-9558-872C00F67AF3}.Debug|Any CPU.Build.0 = Debug|Any CPU
		{603A64D1-6383-4A3E-9558-872C00F67AF3}.Release|Any CPU.ActiveCfg = Release|Any CPU
		{603A64D1-6383-4A3E-9558-872C00F67AF3}.Release|Any CPU.Build.0 = Release|Any CPU
		{603A64D1-6383-4A3E-9558-872C00F67AF3}.Debug|iPhoneSimulator.ActiveCfg = Debug|Any CPU
		{603A64D1-6383-4A3E-9558-872C00F67AF3}.Debug|iPhoneSimulator.Build.0 = Debug|Any CPU
		{603A64D1-6383-4A3E-9558-872C00F67AF3}.Release|iPhone.ActiveCfg = Release|Any CPU
		{603A64D1-6383-4A3E-9558-872C00F67AF3}.Release|iPhone.Build.0 = Release|Any CPU
		{603A64D1-6383-4A3E-9558-872C00F67AF3}.Release|iPhoneSimulator.ActiveCfg = Release|Any CPU
		{603A64D1-6383-4A3E-9558-872C00F67AF3}.Release|iPhoneSimulator.Build.0 = Release|Any CPU
		{603A64D1-6383-4A3E-9558-872C00F67AF3}.Debug|iPhone.ActiveCfg = Debug|Any CPU
		{603A64D1-6383-4A3E-9558-872C00F67AF3}.Debug|iPhone.Build.0 = Debug|Any CPU
		{9119A590-86DD-4325-B20F-DCD34AA4636D}.Debug|Any CPU.ActiveCfg = Debug|Any CPU
		{9119A590-86DD-4325-B20F-DCD34AA4636D}.Debug|Any CPU.Build.0 = Debug|Any CPU
		{9119A590-86DD-4325-B20F-DCD34AA4636D}.Release|Any CPU.ActiveCfg = Release|Any CPU
		{9119A590-86DD-4325-B20F-DCD34AA4636D}.Release|Any CPU.Build.0 = Release|Any CPU
		{9119A590-86DD-4325-B20F-DCD34AA4636D}.Debug|iPhoneSimulator.ActiveCfg = Debug|Any CPU
		{9119A590-86DD-4325-B20F-DCD34AA4636D}.Debug|iPhoneSimulator.Build.0 = Debug|Any CPU
		{9119A590-86DD-4325-B20F-DCD34AA4636D}.Release|iPhone.ActiveCfg = Release|Any CPU
		{9119A590-86DD-4325-B20F-DCD34AA4636D}.Release|iPhone.Build.0 = Release|Any CPU
		{9119A590-86DD-4325-B20F-DCD34AA4636D}.Release|iPhoneSimulator.ActiveCfg = Release|Any CPU
		{9119A590-86DD-4325-B20F-DCD34AA4636D}.Release|iPhoneSimulator.Build.0 = Release|Any CPU
		{9119A590-86DD-4325-B20F-DCD34AA4636D}.Debug|iPhone.ActiveCfg = Debug|Any CPU
		{9119A590-86DD-4325-B20F-DCD34AA4636D}.Debug|iPhone.Build.0 = Debug|Any CPU
		{AD51D6E0-93A2-4B2A-AD2B-DFA6F4E3E07C}.Debug|Any CPU.ActiveCfg = Debug|Any CPU
		{AD51D6E0-93A2-4B2A-AD2B-DFA6F4E3E07C}.Debug|Any CPU.Build.0 = Debug|Any CPU
		{AD51D6E0-93A2-4B2A-AD2B-DFA6F4E3E07C}.Release|Any CPU.ActiveCfg = Release|Any CPU
		{AD51D6E0-93A2-4B2A-AD2B-DFA6F4E3E07C}.Release|Any CPU.Build.0 = Release|Any CPU
		{AD51D6E0-93A2-4B2A-AD2B-DFA6F4E3E07C}.Debug|iPhoneSimulator.ActiveCfg = Debug|Any CPU
		{AD51D6E0-93A2-4B2A-AD2B-DFA6F4E3E07C}.Debug|iPhoneSimulator.Build.0 = Debug|Any CPU
		{AD51D6E0-93A2-4B2A-AD2B-DFA6F4E3E07C}.Release|iPhone.ActiveCfg = Release|Any CPU
		{AD51D6E0-93A2-4B2A-AD2B-DFA6F4E3E07C}.Release|iPhone.Build.0 = Release|Any CPU
		{AD51D6E0-93A2-4B2A-AD2B-DFA6F4E3E07C}.Release|iPhoneSimulator.ActiveCfg = Release|Any CPU
		{AD51D6E0-93A2-4B2A-AD2B-DFA6F4E3E07C}.Release|iPhoneSimulator.Build.0 = Release|Any CPU
		{AD51D6E0-93A2-4B2A-AD2B-DFA6F4E3E07C}.Debug|iPhone.ActiveCfg = Debug|Any CPU
		{AD51D6E0-93A2-4B2A-AD2B-DFA6F4E3E07C}.Debug|iPhone.Build.0 = Debug|Any CPU
	EndGlobalSection
EndGlobal
